
Microsoft Visual Studio Solution File, Format Version 12.00
# Visual Studio Version 16
VisualStudioVersion = 16.0.30225.117
MinimumVisualStudioVersion = 10.0.40219.1
Project("{888888A0-9F3D-457C-B088-3A5042F75D52}") = "MyFirstPygameApp", "MyFirstPygameApp\MyFirstPygameApp.pyproj", "{F6A78B30-82CD-446E-85D6-F23C11E094A1}"
EndProject
Global
	GlobalSection(SolutionConfigurationPlatforms) = preSolution
		Debug|Any CPU = Debug|Any CPU
		Release|Any CPU = Release|Any CPU
	EndGlobalSection
	GlobalSection(ProjectConfigurationPlatforms) = postSolution
		{F6A78B30-82CD-446E-85D6-F23C11E094A1}.Debug|Any CPU.ActiveCfg = Debug|Any CPU
		{F6A78B30-82CD-446E-85D6-F23C11E094A1}.Release|Any CPU.ActiveCfg = Release|Any CPU
	EndGlobalSection
	GlobalSection(SolutionProperties) = preSolution
		HideSolutionNode = FALSE
	EndGlobalSection
	GlobalSection(ExtensibilityGlobals) = postSolution
		SolutionGuid = {4184FC91-0EC3-4FA0-9A9B-2E1B8F3805CD}
	EndGlobalSection
EndGlobal
